
Microsoft Visual Studio Solution File, Format Version 12.00
# Visual Studio Version 16
VisualStudioVersion = 16.0.29709.97
MinimumVisualStudioVersion = 10.0.40219.1
Project("{FAE04EC0-301F-11D3-BF4B-00C04F79EFBC}") = "React-NetCore3", "React-NetCore3.csproj", "{B2C085CF-62AD-4A76-9CFD-260CC9D1448E}"
EndProject
Global
	GlobalSection(SolutionConfigurationPlatforms) = preSolution
		Debug|Any CPU = Debug|Any CPU
		Release|Any CPU = Release|Any CPU
	EndGlobalSection
	GlobalSection(ProjectConfigurationPlatforms) = postSolution
		{B2C085CF-62AD-4A76-9CFD-260CC9D1448E}.Debug|Any CPU.ActiveCfg = Debug|Any CPU
		{B2C085CF-62AD-4A76-9CFD-260CC9D1448E}.Debug|Any CPU.Build.0 = Debug|Any CPU
		{B2C085CF-62AD-4A76-9CFD-260CC9D1448E}.Release|Any CPU.ActiveCfg = Release|Any CPU
		{B2C085CF-62AD-4A76-9CFD-260CC9D1448E}.Release|Any CPU.Build.0 = Release|Any CPU
	EndGlobalSection
	GlobalSection(SolutionProperties) = preSolution
		HideSolutionNode = FALSE
	EndGlobalSection
	GlobalSection(ExtensibilityGlobals) = postSolution
		SolutionGuid = {B80CE509-DC94-4A9B-97AF-8BD79BA200DC}
	EndGlobalSection
EndGlobal
